id: cran_worker_zmq_sink
label: worker zmq sink
category: '[Cran]'
templates:
  imports: from gnuradio import cran
  make: cran.worker_zmq_sink(${broker_addr}, ${application_addr})
parameters:
- id: broker_addr
  label: Broker_addr
  dtype: string
- id: application_addr
  label: Application_addr
  dtype: string
file_format: 1
